
Microsoft Visual Studio Solution File, Format Version 12.00
# Visual Studio Version 17
VisualStudioVersion = 17.13.35825.156
MinimumVisualStudioVersion = 10.0.40219.1
Project("{FAE04EC0-301F-11D3-BF4B-00C04F79EFBC}") = "EShopService", "EShopService\EShopService.csproj", "{FD9C57BC-C2FE-41BD-B322-215DD96D1FCB}"
EndProject
Project("{FAE04EC0-301F-11D3-BF4B-00C04F79EFBC}") = "EShop.Application", "EShop.Application\EShop.Application.csproj", "{09BC33A0-BBE3-46D5-9FF7-03F1F32BBC99}"
EndProject
Project("{FAE04EC0-301F-11D3-BF4B-00C04F79EFBC}") = "EShop.Application.Tests", "EShop.Application.Tests\EShop.Application.Tests.csproj", "{568FE62F-823A-4C24-B573-2AF492E5670A}"
EndProject
Project("{FAE04EC0-301F-11D3-BF4B-00C04F79EFBC}") = "EShop.Domain", "EShop.Domain\EShop.Domain.csproj", "{822B0A12-D667-47B9-804F-AF83969FE411}"
EndProject
Project("{FAE04EC0-301F-11D3-BF4B-00C04F79EFBC}") = "EShop.Domain.Tests", "EShop.Domain.Tests\EShop.Domain.Tests.csproj", "{28D21598-BC18-408E-9408-FCC49474683E}"
EndProject
Project("{FAE04EC0-301F-11D3-BF4B-00C04F79EFBC}") = "EShopService.Tests", "EShopService.Tests\EShopService.Tests.csproj", "{F2A87342-C1C3-4883-AACB-56494F2C9206}"
EndProject
Project("{FAE04EC0-301F-11D3-BF4B-00C04F79EFBC}") = "EShopService.Integration.Tests", "EShopService.IntegrationTests\EShopService.Integration.Tests.csproj", "{0BAE4CCC-3FD7-4B02-BA8C-6A3FB906E241}"
EndProject
Global
	GlobalSection(SolutionConfigurationPlatforms) = preSolution
		Debug|Any CPU = Debug|Any CPU
		Release|Any CPU = Release|Any CPU
	EndGlobalSection
	GlobalSection(ProjectConfigurationPlatforms) = postSolution
		{FD9C57BC-C2FE-41BD-B322-215DD96D1FCB}.Debug|Any CPU.ActiveCfg = Debug|Any CPU
		{FD9C57BC-C2FE-41BD-B322-215DD96D1FCB}.Debug|Any CPU.Build.0 = Debug|Any CPU
		{FD9C57BC-C2FE-41BD-B322-215DD96D1FCB}.Release|Any CPU.ActiveCfg = Release|Any CPU
		{FD9C57BC-C2FE-41BD-B322-215DD96D1FCB}.Release|Any CPU.Build.0 = Release|Any CPU
		{09BC33A0-BBE3-46D5-9FF7-03F1F32BBC99}.Debug|Any CPU.ActiveCfg = Debug|Any CPU
		{09BC33A0-BBE3-46D5-9FF7-03F1F32BBC99}.Debug|Any CPU.Build.0 = Debug|Any CPU
		{09BC33A0-BBE3-46D5-9FF7-03F1F32BBC99}.Release|Any CPU.ActiveCfg = Release|Any CPU
		{09BC33A0-BBE3-46D5-9FF7-03F1F32BBC99}.Release|Any CPU.Build.0 = Release|Any CPU
		{568FE62F-823A-4C24-B573-2AF492E5670A}.Debug|Any CPU.ActiveCfg = Debug|Any CPU
		{568FE62F-823A-4C24-B573-2AF492E5670A}.Debug|Any CPU.Build.0 = Debug|Any CPU
		{568FE62F-823A-4C24-B573-2AF492E5670A}.Release|Any CPU.ActiveCfg = Release|Any CPU
		{568FE62F-823A-4C24-B573-2AF492E5670A}.Release|Any CPU.Build.0 = Release|Any CPU
		{822B0A12-D667-47B9-804F-AF83969FE411}.Debug|Any CPU.ActiveCfg = Debug|Any CPU
		{822B0A12-D667-47B9-804F-AF83969FE411}.Debug|Any CPU.Build.0 = Debug|Any CPU
		{822B0A12-D667-47B9-804F-AF83969FE411}.Release|Any CPU.ActiveCfg = Release|Any CPU
		{822B0A12-D667-47B9-804F-AF83969FE411}.Release|Any CPU.Build.0 = Release|Any CPU
		{28D21598-BC18-408E-9408-FCC49474683E}.Debug|Any CPU.ActiveCfg = Debug|Any CPU
		{28D21598-BC18-408E-9408-FCC49474683E}.Debug|Any CPU.Build.0 = Debug|Any CPU
		{28D21598-BC18-408E-9408-FCC49474683E}.Release|Any CPU.ActiveCfg = Release|Any CPU
		{28D21598-BC18-408E-9408-FCC49474683E}.Release|Any CPU.Build.0 = Release|Any CPU
		{F2A87342-C1C3-4883-AACB-56494F2C9206}.Debug|Any CPU.ActiveCfg = Debug|Any CPU
		{F2A87342-C1C3-4883-AACB-56494F2C9206}.Debug|Any CPU.Build.0 = Debug|Any CPU
		{F2A87342-C1C3-4883-AACB-56494F2C9206}.Release|Any CPU.ActiveCfg = Release|Any CPU
		{F2A87342-C1C3-4883-AACB-56494F2C9206}.Release|Any CPU.Build.0 = Release|Any CPU
		{0BAE4CCC-3FD7-4B02-BA8C-6A3FB906E241}.Debug|Any CPU.ActiveCfg = Debug|Any CPU
		{0BAE4CCC-3FD7-4B02-BA8C-6A3FB906E241}.Debug|Any CPU.Build.0 = Debug|Any CPU
		{0BAE4CCC-3FD7-4B02-BA8C-6A3FB906E241}.Release|Any CPU.ActiveCfg = Release|Any CPU
		{0BAE4CCC-3FD7-4B02-BA8C-6A3FB906E241}.Release|Any CPU.Build.0 = Release|Any CPU
	EndGlobalSection
	GlobalSection(SolutionProperties) = preSolution
		HideSolutionNode = FALSE
	EndGlobalSection
	GlobalSection(ExtensibilityGlobals) = postSolution
		SolutionGuid = {48EAD07E-D0F0-4BA9-80EE-74FE369F4650}
	EndGlobalSection
EndGlobal
